
Microsoft Visual Studio Solution File, Format Version 12.00
# Visual Studio Version 16
VisualStudioVersion = 16.0.30804.86
MinimumVisualStudioVersion = 10.0.40219.1
Project("{9A19103F-16F7-4668-BE54-9A1E7A4F7556}") = "FitEnd.Application", "..\FitEnd.Application\FitEnd.Application.csproj", "{207E1972-62FD-48FF-864D-3332BAEDBBBE}"
EndProject
Project("{9A19103F-16F7-4668-BE54-9A1E7A4F7556}") = "FitEnd.DataAccess", "..\FitEnd.DataAccess\FitEnd.DataAccess.csproj", "{4B6149C6-90E1-4562-8E1E-FCE549A4DCE7}"
EndProject
Project("{9A19103F-16F7-4668-BE54-9A1E7A4F7556}") = "FitEnd.Implementation", "..\FitEnd.Implementation\FitEnd.Implementation.csproj", "{FFB7565F-FB6A-415D-A503-C65C97A43021}"
EndProject
Project("{9A19103F-16F7-4668-BE54-9A1E7A4F7556}") = "FitEnd.Api", "..\FitEnd.Api\FitEnd.Api.csproj", "{E7A1C6C8-8E05-49C7-81A7-EC47ED28241B}"
EndProject
Project("{9A19103F-16F7-4668-BE54-9A1E7A4F7556}") = "FitEnd.Domen", "..\FitEnd.Domen\FitEnd.Domen.csproj", "{F2DC59D1-C7F5-438B-A225-4DEDD3489C24}"
EndProject
Global
	GlobalSection(SolutionConfigurationPlatforms) = preSolution
		Debug|Any CPU = Debug|Any CPU
		Release|Any CPU = Release|Any CPU
	EndGlobalSection
	GlobalSection(ProjectConfigurationPlatforms) = postSolution
		{207E1972-62FD-48FF-864D-3332BAEDBBBE}.Debug|Any CPU.ActiveCfg = Debug|Any CPU
		{207E1972-62FD-48FF-864D-3332BAEDBBBE}.Debug|Any CPU.Build.0 = Debug|Any CPU
		{207E1972-62FD-48FF-864D-3332BAEDBBBE}.Release|Any CPU.ActiveCfg = Release|Any CPU
		{207E1972-62FD-48FF-864D-3332BAEDBBBE}.Release|Any CPU.Build.0 = Release|Any CPU
		{4B6149C6-90E1-4562-8E1E-FCE549A4DCE7}.Debug|Any CPU.ActiveCfg = Debug|Any CPU
		{4B6149C6-90E1-4562-8E1E-FCE549A4DCE7}.Debug|Any CPU.Build.0 = Debug|Any CPU
		{4B6149C6-90E1-4562-8E1E-FCE549A4DCE7}.Release|Any CPU.ActiveCfg = Release|Any CPU
		{4B6149C6-90E1-4562-8E1E-FCE549A4DCE7}.Release|Any CPU.Build.0 = Release|Any CPU
		{FFB7565F-FB6A-415D-A503-C65C97A43021}.Debug|Any CPU.ActiveCfg = Debug|Any CPU
		{FFB7565F-FB6A-415D-A503-C65C97A43021}.Debug|Any CPU.Build.0 = Debug|Any CPU
		{FFB7565F-FB6A-415D-A503-C65C97A43021}.Release|Any CPU.ActiveCfg = Release|Any CPU
		{FFB7565F-FB6A-415D-A503-C65C97A43021}.Release|Any CPU.Build.0 = Release|Any CPU
		{E7A1C6C8-8E05-49C7-81A7-EC47ED28241B}.Debug|Any CPU.ActiveCfg = Debug|Any CPU
		{E7A1C6C8-8E05-49C7-81A7-EC47ED28241B}.Debug|Any CPU.Build.0 = Debug|Any CPU
		{E7A1C6C8-8E05-49C7-81A7-EC47ED28241B}.Release|Any CPU.ActiveCfg = Release|Any CPU
		{E7A1C6C8-8E05-49C7-81A7-EC47ED28241B}.Release|Any CPU.Build.0 = Release|Any CPU
		{F2DC59D1-C7F5-438B-A225-4DEDD3489C24}.Debug|Any CPU.ActiveCfg = Debug|Any CPU
		{F2DC59D1-C7F5-438B-A225-4DEDD3489C24}.Debug|Any CPU.Build.0 = Debug|Any CPU
		{F2DC59D1-C7F5-438B-A225-4DEDD3489C24}.Release|Any CPU.ActiveCfg = Release|Any CPU
		{F2DC59D1-C7F5-438B-A225-4DEDD3489C24}.Release|Any CPU.Build.0 = Release|Any CPU
	EndGlobalSection
	GlobalSection(SolutionProperties) = preSolution
		HideSolutionNode = FALSE
	EndGlobalSection
	GlobalSection(ExtensibilityGlobals) = postSolution
		SolutionGuid = {A5939BC5-EF27-4394-BD9F-E1E34CEE8AD3}
	EndGlobalSection
EndGlobal
